
Microsoft Visual Studio Solution File, Format Version 12.00
# Visual Studio Version 16
VisualStudioVersion = 16.0.32602.291
MinimumVisualStudioVersion = 10.0.40219.1
Project("{FAE04EC0-301F-11D3-BF4B-00C04F79EFBC}") = "BarcodeGen.App", "BarcodeGen.App\BarcodeGen.App.csproj", "{1D55EC02-75A3-4239-B298-6B2972BEB6EA}"
EndProject
Global
	GlobalSection(SolutionConfigurationPlatforms) = preSolution
		All|Any CPU = All|Any CPU
		All|x64 = All|x64
		All|x86 = All|x86
		Debug|Any CPU = Debug|Any CPU
		Debug|x64 = Debug|x64
		Debug|x86 = Debug|x86
		Release|Any CPU = Release|Any CPU
		Release|x64 = Release|x64
		Release|x86 = Release|x86
	EndGlobalSection
	GlobalSection(ProjectConfigurationPlatforms) = postSolution
		{1D55EC02-75A3-4239-B298-6B2972BEB6EA}.All|Any CPU.ActiveCfg = Debug|Any CPU
		{1D55EC02-75A3-4239-B298-6B2972BEB6EA}.All|Any CPU.Build.0 = Debug|Any CPU
		{1D55EC02-75A3-4239-B298-6B2972BEB6EA}.All|x64.ActiveCfg = Debug|Any CPU
		{1D55EC02-75A3-4239-B298-6B2972BEB6EA}.All|x64.Build.0 = Debug|Any CPU
		{1D55EC02-75A3-4239-B298-6B2972BEB6EA}.All|x86.ActiveCfg = Debug|Any CPU
		{1D55EC02-75A3-4239-B298-6B2972BEB6EA}.All|x86.Build.0 = Debug|Any CPU
		{1D55EC02-75A3-4239-B298-6B2972BEB6EA}.Debug|Any CPU.ActiveCfg = Debug|Any CPU
		{1D55EC02-75A3-4239-B298-6B2972BEB6EA}.Debug|Any CPU.Build.0 = Debug|Any CPU
		{1D55EC02-75A3-4239-B298-6B2972BEB6EA}.Debug|x64.ActiveCfg = Debug|Any CPU
		{1D55EC02-75A3-4239-B298-6B2972BEB6EA}.Debug|x64.Build.0 = Debug|Any CPU
		{1D55EC02-75A3-4239-B298-6B2972BEB6EA}.Debug|x86.ActiveCfg = Debug|Any CPU
		{1D55EC02-75A3-4239-B298-6B2972BEB6EA}.Debug|x86.Build.0 = Debug|Any CPU
		{1D55EC02-75A3-4239-B298-6B2972BEB6EA}.Release|Any CPU.ActiveCfg = Release|Any CPU
		{1D55EC02-75A3-4239-B298-6B2972BEB6EA}.Release|Any CPU.Build.0 = Release|Any CPU
		{1D55EC02-75A3-4239-B298-6B2972BEB6EA}.Release|x64.ActiveCfg = Release|Any CPU
		{1D55EC02-75A3-4239-B298-6B2972BEB6EA}.Release|x64.Build.0 = Release|Any CPU
		{1D55EC02-75A3-4239-B298-6B2972BEB6EA}.Release|x86.ActiveCfg = Release|Any CPU
		{1D55EC02-75A3-4239-B298-6B2972BEB6EA}.Release|x86.Build.0 = Release|Any CPU
	EndGlobalSection
	GlobalSection(SolutionProperties) = preSolution
		HideSolutionNode = FALSE
	EndGlobalSection
	GlobalSection(ExtensibilityGlobals) = postSolution
		SolutionGuid = {C23012C4-9EBF-4130-B6BF-4007D08923EE}
	EndGlobalSection
EndGlobal
